
Microsoft Visual Studio Solution File, Format Version 12.00
# Visual Studio Version 17
VisualStudioVersion = 17.0.32112.339
MinimumVisualStudioVersion = 10.0.40219.1
Project("{2150E333-8FDC-42A3-9474-1A3956D46DE8}") = "1-Web", "1-Web", "{2B3EB8FD-DB42-416E-AD75-BF65920E3658}"
EndProject
Project("{2150E333-8FDC-42A3-9474-1A3956D46DE8}") = "2-Application", "2-Application", "{94EFD8BE-31EC-4DFB-B29F-9A3DFEBCE297}"
EndProject
Project("{2150E333-8FDC-42A3-9474-1A3956D46DE8}") = "3-Domain", "3-Domain", "{83E6CB9E-3F12-4C00-8BB4-9CDEC1F7EEDF}"
EndProject
Project("{2150E333-8FDC-42A3-9474-1A3956D46DE8}") = "4-Infra", "4-Infra", "{274C6BA4-2C82-4F12-B15C-B0F78D6D9A41}"
EndProject
Project("{FAE04EC0-301F-11D3-BF4B-00C04F79EFBC}") = "UI", "UI\UI.csproj", "{905149CB-A5A1-4D40-B48C-AA9735A0613C}"
EndProject
Project("{2150E333-8FDC-42A3-9474-1A3956D46DE8}") = "5-Tests", "5-Tests", "{35A8206A-CF6A-4A3D-BDD8-6B8C14477C49}"
EndProject
Project("{FAE04EC0-301F-11D3-BF4B-00C04F79EFBC}") = "PI.Application", "PI.Application\PI.Application.csproj", "{34362111-114B-4A0F-AB47-5B85E5F63BD8}"
EndProject
Project("{FAE04EC0-301F-11D3-BF4B-00C04F79EFBC}") = "PI.Domain", "PI.Domain\PI.Domain.csproj", "{8852C6E4-7CDE-47B5-A577-B0EEE61EB251}"
EndProject
Project("{2150E333-8FDC-42A3-9474-1A3956D46DE8}") = "4.1-Data", "4.1-Data", "{01D3FEC7-57DE-4B7C-85F9-BD95296639FA}"
EndProject
Project("{2150E333-8FDC-42A3-9474-1A3956D46DE8}") = "4.3-CrossCutting", "4.3-CrossCutting", "{F7F0A48D-CB9A-4185-9E13-33389D85B569}"
EndProject
Project("{2150E333-8FDC-42A3-9474-1A3956D46DE8}") = "4.2-Data-Access", "4.2-Data-Access", "{32003826-1AA0-41DD-BBBD-255C78C47A3F}"
EndProject
Project("{FAE04EC0-301F-11D3-BF4B-00C04F79EFBC}") = "PI.Data", "PI.Data\PI.Data.csproj", "{C8F1EFD3-BF1A-4601-AD20-6628BDDCEA85}"
EndProject
Project("{FAE04EC0-301F-11D3-BF4B-00C04F79EFBC}") = "PI.Data-Access", "PI.Data-Access\PI.Data-Access.csproj", "{BA0C4C90-0EF6-465D-AF9A-35182D7ED293}"
EndProject
Project("{FAE04EC0-301F-11D3-BF4B-00C04F79EFBC}") = "PI.CrossCutting", "PI.CrossCutting\PI.CrossCutting.csproj", "{63D66376-D09B-4886-ACE1-5C9F8C826DF1}"
EndProject
Global
	GlobalSection(SolutionConfigurationPlatforms) = preSolution
		Debug|Any CPU = Debug|Any CPU
		Release|Any CPU = Release|Any CPU
	EndGlobalSection
	GlobalSection(ProjectConfigurationPlatforms) = postSolution
		{905149CB-A5A1-4D40-B48C-AA9735A0613C}.Debug|Any CPU.ActiveCfg = Debug|Any CPU
		{905149CB-A5A1-4D40-B48C-AA9735A0613C}.Debug|Any CPU.Build.0 = Debug|Any CPU
		{905149CB-A5A1-4D40-B48C-AA9735A0613C}.Release|Any CPU.ActiveCfg = Release|Any CPU
		{905149CB-A5A1-4D40-B48C-AA9735A0613C}.Release|Any CPU.Build.0 = Release|Any CPU
		{34362111-114B-4A0F-AB47-5B85E5F63BD8}.Debug|Any CPU.ActiveCfg = Debug|Any CPU
		{34362111-114B-4A0F-AB47-5B85E5F63BD8}.Debug|Any CPU.Build.0 = Debug|Any CPU
		{34362111-114B-4A0F-AB47-5B85E5F63BD8}.Release|Any CPU.ActiveCfg = Release|Any CPU
		{34362111-114B-4A0F-AB47-5B85E5F63BD8}.Release|Any CPU.Build.0 = Release|Any CPU
		{8852C6E4-7CDE-47B5-A577-B0EEE61EB251}.Debug|Any CPU.ActiveCfg = Debug|Any CPU
		{8852C6E4-7CDE-47B5-A577-B0EEE61EB251}.Debug|Any CPU.Build.0 = Debug|Any CPU
		{8852C6E4-7CDE-47B5-A577-B0EEE61EB251}.Release|Any CPU.ActiveCfg = Release|Any CPU
		{8852C6E4-7CDE-47B5-A577-B0EEE61EB251}.Release|Any CPU.Build.0 = Release|Any CPU
		{C8F1EFD3-BF1A-4601-AD20-6628BDDCEA85}.Debug|Any CPU.ActiveCfg = Debug|Any CPU
		{C8F1EFD3-BF1A-4601-AD20-6628BDDCEA85}.Debug|Any CPU.Build.0 = Debug|Any CPU
		{C8F1EFD3-BF1A-4601-AD20-6628BDDCEA85}.Release|Any CPU.ActiveCfg = Release|Any CPU
		{C8F1EFD3-BF1A-4601-AD20-6628BDDCEA85}.Release|Any CPU.Build.0 = Release|Any CPU
		{BA0C4C90-0EF6-465D-AF9A-35182D7ED293}.Debug|Any CPU.ActiveCfg = Debug|Any CPU
		{BA0C4C90-0EF6-465D-AF9A-35182D7ED293}.Debug|Any CPU.Build.0 = Debug|Any CPU
		{BA0C4C90-0EF6-465D-AF9A-35182D7ED293}.Release|Any CPU.ActiveCfg = Release|Any CPU
		{BA0C4C90-0EF6-465D-AF9A-35182D7ED293}.Release|Any CPU.Build.0 = Release|Any CPU
		{63D66376-D09B-4886-ACE1-5C9F8C826DF1}.Debug|Any CPU.ActiveCfg = Debug|Any CPU
		{63D66376-D09B-4886-ACE1-5C9F8C826DF1}.Debug|Any CPU.Build.0 = Debug|Any CPU
		{63D66376-D09B-4886-ACE1-5C9F8C826DF1}.Release|Any CPU.ActiveCfg = Release|Any CPU
		{63D66376-D09B-4886-ACE1-5C9F8C826DF1}.Release|Any CPU.Build.0 = Release|Any CPU
	EndGlobalSection
	GlobalSection(SolutionProperties) = preSolution
		HideSolutionNode = FALSE
	EndGlobalSection
	GlobalSection(NestedProjects) = preSolution
		{905149CB-A5A1-4D40-B48C-AA9735A0613C} = {2B3EB8FD-DB42-416E-AD75-BF65920E3658}
		{34362111-114B-4A0F-AB47-5B85E5F63BD8} = {94EFD8BE-31EC-4DFB-B29F-9A3DFEBCE297}
		{8852C6E4-7CDE-47B5-A577-B0EEE61EB251} = {83E6CB9E-3F12-4C00-8BB4-9CDEC1F7EEDF}
		{01D3FEC7-57DE-4B7C-85F9-BD95296639FA} = {274C6BA4-2C82-4F12-B15C-B0F78D6D9A41}
		{F7F0A48D-CB9A-4185-9E13-33389D85B569} = {274C6BA4-2C82-4F12-B15C-B0F78D6D9A41}
		{32003826-1AA0-41DD-BBBD-255C78C47A3F} = {274C6BA4-2C82-4F12-B15C-B0F78D6D9A41}
		{C8F1EFD3-BF1A-4601-AD20-6628BDDCEA85} = {01D3FEC7-57DE-4B7C-85F9-BD95296639FA}
		{BA0C4C90-0EF6-465D-AF9A-35182D7ED293} = {32003826-1AA0-41DD-BBBD-255C78C47A3F}
		{63D66376-D09B-4886-ACE1-5C9F8C826DF1} = {F7F0A48D-CB9A-4185-9E13-33389D85B569}
	EndGlobalSection
	GlobalSection(ExtensibilityGlobals) = postSolution
		SolutionGuid = {03C192A9-89C9-4EFC-B42D-43BD3A5F1B8E}
	EndGlobalSection
EndGlobal
